
Microsoft Visual Studio Solution File, Format Version 12.00
# Visual Studio 2013
VisualStudioVersion = 12.0.31101.0
MinimumVisualStudioVersion = 10.0.40219.1
Project("{FAE04EC0-301F-11D3-BF4B-00C04F79EFBC}") = "ThortonService", "ThortonService\ThortonService.csproj", "{10735091-691C-498F-8343-56D655A4DA6A}"
EndProject
Global
	GlobalSection(SolutionConfigurationPlatforms) = preSolution
		Debug|Any CPU = Debug|Any CPU
		Release|Any CPU = Release|Any CPU
	EndGlobalSection
	GlobalSection(ProjectConfigurationPlatforms) = postSolution
		{10735091-691C-498F-8343-56D655A4DA6A}.Debug|Any CPU.ActiveCfg = Debug|Any CPU
		{10735091-691C-498F-8343-56D655A4DA6A}.Debug|Any CPU.Build.0 = Debug|Any CPU
		{10735091-691C-498F-8343-56D655A4DA6A}.Release|Any CPU.ActiveCfg = Release|Any CPU
		{10735091-691C-498F-8343-56D655A4DA6A}.Release|Any CPU.Build.0 = Release|Any CPU
	EndGlobalSection
	GlobalSection(SolutionProperties) = preSolution
		HideSolutionNode = FALSE
	EndGlobalSection
EndGlobal
